
Microsoft Visual Studio Solution File, Format Version 12.00
# Visual Studio Version 17
VisualStudioVersion = 17.5.002.0
MinimumVisualStudioVersion = 10.0.40219.1
Project("{9A19103F-16F7-4668-BE54-9A1E7A4F7556}") = "EXEMPLOFUNDAMENTOS", "ExemploFundamentos\EXEMPLOFUNDAMENTOS.csproj", "{8ABCFF3B-4A2E-4104-B5C7-F5112D737CE5}"
EndProject
Project("{FAE04EC0-301F-11D3-BF4B-00C04F79EFBC}") = "ExemploFundamentos.Common", "ExemploFundamentos.Common\ExemploFundamentos.Common.csproj", "{C2B5AF83-C5AB-4DC9-9EEC-339D38074D66}"
EndProject
Global
	GlobalSection(SolutionConfigurationPlatforms) = preSolution
		Debug|Any CPU = Debug|Any CPU
		Release|Any CPU = Release|Any CPU
	EndGlobalSection
	GlobalSection(ProjectConfigurationPlatforms) = postSolution
		{8ABCFF3B-4A2E-4104-B5C7-F5112D737CE5}.Debug|Any CPU.ActiveCfg = Debug|Any CPU
		{8ABCFF3B-4A2E-4104-B5C7-F5112D737CE5}.Debug|Any CPU.Build.0 = Debug|Any CPU
		{8ABCFF3B-4A2E-4104-B5C7-F5112D737CE5}.Release|Any CPU.ActiveCfg = Release|Any CPU
		{8ABCFF3B-4A2E-4104-B5C7-F5112D737CE5}.Release|Any CPU.Build.0 = Release|Any CPU
		{18FCE8B8-6B87-4A6C-9CB4-1F872449BB7F}.Debug|Any CPU.ActiveCfg = Debug|Any CPU
		{18FCE8B8-6B87-4A6C-9CB4-1F872449BB7F}.Debug|Any CPU.Build.0 = Debug|Any CPU
		{18FCE8B8-6B87-4A6C-9CB4-1F872449BB7F}.Release|Any CPU.ActiveCfg = Release|Any CPU
		{18FCE8B8-6B87-4A6C-9CB4-1F872449BB7F}.Release|Any CPU.Build.0 = Release|Any CPU
		{C2B5AF83-C5AB-4DC9-9EEC-339D38074D66}.Debug|Any CPU.ActiveCfg = Debug|Any CPU
		{C2B5AF83-C5AB-4DC9-9EEC-339D38074D66}.Debug|Any CPU.Build.0 = Debug|Any CPU
		{C2B5AF83-C5AB-4DC9-9EEC-339D38074D66}.Release|Any CPU.ActiveCfg = Release|Any CPU
		{C2B5AF83-C5AB-4DC9-9EEC-339D38074D66}.Release|Any CPU.Build.0 = Release|Any CPU
	EndGlobalSection
	GlobalSection(SolutionProperties) = preSolution
		HideSolutionNode = FALSE
	EndGlobalSection
	GlobalSection(ExtensibilityGlobals) = postSolution
		SolutionGuid = {166DEA2D-FD5B-4CD8-8B5B-E2F556E5DF0A}
	EndGlobalSection
EndGlobal
